
Microsoft Visual Studio Solution File, Format Version 12.00
# Visual Studio Version 17
VisualStudioVersion = 17.3.32819.101
MinimumVisualStudioVersion = 10.0.40219.1
Project("{FAE04EC0-301F-11D3-BF4B-00C04F79EFBC}") = "unidad1", "unidad1\unidad1.csproj", "{AD904A33-FECB-48ED-8D09-E1553E22A3F5}"
EndProject
Global
	GlobalSection(SolutionConfigurationPlatforms) = preSolution
		Debug|Any CPU = Debug|Any CPU
		Release|Any CPU = Release|Any CPU
	EndGlobalSection
	GlobalSection(ProjectConfigurationPlatforms) = postSolution
		{AD904A33-FECB-48ED-8D09-E1553E22A3F5}.Debug|Any CPU.ActiveCfg = Debug|Any CPU
		{AD904A33-FECB-48ED-8D09-E1553E22A3F5}.Debug|Any CPU.Build.0 = Debug|Any CPU
		{AD904A33-FECB-48ED-8D09-E1553E22A3F5}.Release|Any CPU.ActiveCfg = Release|Any CPU
		{AD904A33-FECB-48ED-8D09-E1553E22A3F5}.Release|Any CPU.Build.0 = Release|Any CPU
	EndGlobalSection
	GlobalSection(SolutionProperties) = preSolution
		HideSolutionNode = FALSE
	EndGlobalSection
	GlobalSection(ExtensibilityGlobals) = postSolution
		SolutionGuid = {B7594DD4-AC90-4148-974A-F5B4FAFFCCFF}
	EndGlobalSection
EndGlobal
